
Microsoft Visual Studio Solution File, Format Version 12.00
# Visual Studio Version 17
VisualStudioVersion = 17.2.32505.173
MinimumVisualStudioVersion = 10.0.40219.1
Project("{FAE04EC0-301F-11D3-BF4B-00C04F79EFBC}") = "WinSxSCleaner", "WinSxSCleaner.csproj", "{F2EBF065-CAF9-4C4C-82DF-E2DA5E97D1E1}"
EndProject
Global
	GlobalSection(SolutionConfigurationPlatforms) = preSolution
		Debug|Any CPU = Debug|Any CPU
		Release|Any CPU = Release|Any CPU
	EndGlobalSection
	GlobalSection(ProjectConfigurationPlatforms) = postSolution
		{F2EBF065-CAF9-4C4C-82DF-E2DA5E97D1E1}.Debug|Any CPU.ActiveCfg = Debug|Any CPU
		{F2EBF065-CAF9-4C4C-82DF-E2DA5E97D1E1}.Debug|Any CPU.Build.0 = Debug|Any CPU
		{F2EBF065-CAF9-4C4C-82DF-E2DA5E97D1E1}.Release|Any CPU.ActiveCfg = Release|Any CPU
		{F2EBF065-CAF9-4C4C-82DF-E2DA5E97D1E1}.Release|Any CPU.Build.0 = Release|Any CPU
	EndGlobalSection
	GlobalSection(SolutionProperties) = preSolution
		HideSolutionNode = FALSE
	EndGlobalSection
	GlobalSection(ExtensibilityGlobals) = postSolution
		SolutionGuid = {A6E59756-CBA1-4BC0-965F-52263FA0A81D}
	EndGlobalSection
EndGlobal
